
Microsoft Visual Studio Solution File, Format Version 12.00
# Visual Studio Version 16
VisualStudioVersion = 16.0.32228.343
MinimumVisualStudioVersion = 10.0.40219.1
Project("{9A19103F-16F7-4668-BE54-9A1E7A4F7556}") = "Entidades", "Entidades\Entidades.csproj", "{76028A12-C815-4C93-9289-C0EB6208E3EF}"
EndProject
Project("{9A19103F-16F7-4668-BE54-9A1E7A4F7556}") = "CentralitaPrueba", "CentralitaPrueba\CentralitaPrueba.csproj", "{861DCCA5-884F-42A2-A13C-33E3E2471A70}"
EndProject
Project("{FAE04EC0-301F-11D3-BF4B-00C04F79EFBC}") = "CentralTelefonica", "CentralTelefonica\CentralTelefonica.csproj", "{C76B7788-D898-4356-8633-0AC414851025}"
EndProject
Global
	GlobalSection(SolutionConfigurationPlatforms) = preSolution
		Debug|Any CPU = Debug|Any CPU
		Release|Any CPU = Release|Any CPU
	EndGlobalSection
	GlobalSection(ProjectConfigurationPlatforms) = postSolution
		{76028A12-C815-4C93-9289-C0EB6208E3EF}.Debug|Any CPU.ActiveCfg = Debug|Any CPU
		{76028A12-C815-4C93-9289-C0EB6208E3EF}.Debug|Any CPU.Build.0 = Debug|Any CPU
		{76028A12-C815-4C93-9289-C0EB6208E3EF}.Release|Any CPU.ActiveCfg = Release|Any CPU
		{76028A12-C815-4C93-9289-C0EB6208E3EF}.Release|Any CPU.Build.0 = Release|Any CPU
		{861DCCA5-884F-42A2-A13C-33E3E2471A70}.Debug|Any CPU.ActiveCfg = Debug|Any CPU
		{861DCCA5-884F-42A2-A13C-33E3E2471A70}.Debug|Any CPU.Build.0 = Debug|Any CPU
		{861DCCA5-884F-42A2-A13C-33E3E2471A70}.Release|Any CPU.ActiveCfg = Release|Any CPU
		{861DCCA5-884F-42A2-A13C-33E3E2471A70}.Release|Any CPU.Build.0 = Release|Any CPU
		{C76B7788-D898-4356-8633-0AC414851025}.Debug|Any CPU.ActiveCfg = Debug|Any CPU
		{C76B7788-D898-4356-8633-0AC414851025}.Debug|Any CPU.Build.0 = Debug|Any CPU
		{C76B7788-D898-4356-8633-0AC414851025}.Release|Any CPU.ActiveCfg = Release|Any CPU
		{C76B7788-D898-4356-8633-0AC414851025}.Release|Any CPU.Build.0 = Release|Any CPU
	EndGlobalSection
	GlobalSection(SolutionProperties) = preSolution
		HideSolutionNode = FALSE
	EndGlobalSection
	GlobalSection(ExtensibilityGlobals) = postSolution
		SolutionGuid = {D50038BA-BDAB-4536-8E3D-F7E651924705}
	EndGlobalSection
EndGlobal
