
Microsoft Visual Studio Solution File, Format Version 12.00
# Visual Studio Version 17
VisualStudioVersion = 17.3.32811.315
MinimumVisualStudioVersion = 10.0.40219.1
Project("{FAE04EC0-301F-11D3-BF4B-00C04F79EFBC}") = "Apuntes", "Clase01\Apuntes.csproj", "{0EE766A7-77F7-4287-8E93-103C502C67A9}"
EndProject
Project("{2150E333-8FDC-42A3-9474-1A3956D46DE8}") = "Clase01", "Clase01", "{B6A92F0D-D757-4179-81BD-7462D1994E30}"
EndProject
Project("{FAE04EC0-301F-11D3-BF4B-00C04F79EFBC}") = "Ej01-MaxMinProm", "Ej01-MaxMinProm\Ej01-MaxMinProm.csproj", "{F5AADFB8-8CAC-41D1-AE11-4C2ED7965E96}"
EndProject
Project("{FAE04EC0-301F-11D3-BF4B-00C04F79EFBC}") = "Ej02-CuadCubo", "Ej02-CuadCubo\Ej02-CuadCubo.csproj", "{FFFD3A3F-146E-4C40-8F70-5D5933E24890}"
EndProject
Project("{FAE04EC0-301F-11D3-BF4B-00C04F79EFBC}") = "Ej03-Primos", "Ej03-Primos\Ej03-Primos.csproj", "{FEB13149-635B-4B79-8576-FFA89FFA00FE}"
EndProject
Project("{2150E333-8FDC-42A3-9474-1A3956D46DE8}") = "Apuntes01", "Apuntes01", "{66F652D5-9337-47B9-8FB3-3B4DDEC86657}"
EndProject
Project("{2150E333-8FDC-42A3-9474-1A3956D46DE8}") = "Ejercicios", "Ejercicios", "{4F39E9B1-4707-46EF-B84C-4E88A9B15608}"
EndProject
Project("{FAE04EC0-301F-11D3-BF4B-00C04F79EFBC}") = "Shortcuts", "Shortcuts\Shortcuts.csproj", "{F4DB7831-39CC-41FE-AF01-418776C51CE5}"
EndProject
Global
	GlobalSection(SolutionConfigurationPlatforms) = preSolution
		Debug|Any CPU = Debug|Any CPU
		Release|Any CPU = Release|Any CPU
	EndGlobalSection
	GlobalSection(ProjectConfigurationPlatforms) = postSolution
		{0EE766A7-77F7-4287-8E93-103C502C67A9}.Debug|Any CPU.ActiveCfg = Debug|Any CPU
		{0EE766A7-77F7-4287-8E93-103C502C67A9}.Debug|Any CPU.Build.0 = Debug|Any CPU
		{0EE766A7-77F7-4287-8E93-103C502C67A9}.Release|Any CPU.ActiveCfg = Release|Any CPU
		{0EE766A7-77F7-4287-8E93-103C502C67A9}.Release|Any CPU.Build.0 = Release|Any CPU
		{F5AADFB8-8CAC-41D1-AE11-4C2ED7965E96}.Debug|Any CPU.ActiveCfg = Debug|Any CPU
		{F5AADFB8-8CAC-41D1-AE11-4C2ED7965E96}.Debug|Any CPU.Build.0 = Debug|Any CPU
		{F5AADFB8-8CAC-41D1-AE11-4C2ED7965E96}.Release|Any CPU.ActiveCfg = Release|Any CPU
		{F5AADFB8-8CAC-41D1-AE11-4C2ED7965E96}.Release|Any CPU.Build.0 = Release|Any CPU
		{FFFD3A3F-146E-4C40-8F70-5D5933E24890}.Debug|Any CPU.ActiveCfg = Debug|Any CPU
		{FFFD3A3F-146E-4C40-8F70-5D5933E24890}.Debug|Any CPU.Build.0 = Debug|Any CPU
		{FFFD3A3F-146E-4C40-8F70-5D5933E24890}.Release|Any CPU.ActiveCfg = Release|Any CPU
		{FFFD3A3F-146E-4C40-8F70-5D5933E24890}.Release|Any CPU.Build.0 = Release|Any CPU
		{FEB13149-635B-4B79-8576-FFA89FFA00FE}.Debug|Any CPU.ActiveCfg = Debug|Any CPU
		{FEB13149-635B-4B79-8576-FFA89FFA00FE}.Debug|Any CPU.Build.0 = Debug|Any CPU
		{FEB13149-635B-4B79-8576-FFA89FFA00FE}.Release|Any CPU.ActiveCfg = Release|Any CPU
		{FEB13149-635B-4B79-8576-FFA89FFA00FE}.Release|Any CPU.Build.0 = Release|Any CPU
		{F4DB7831-39CC-41FE-AF01-418776C51CE5}.Debug|Any CPU.ActiveCfg = Debug|Any CPU
		{F4DB7831-39CC-41FE-AF01-418776C51CE5}.Debug|Any CPU.Build.0 = Debug|Any CPU
		{F4DB7831-39CC-41FE-AF01-418776C51CE5}.Release|Any CPU.ActiveCfg = Release|Any CPU
		{F4DB7831-39CC-41FE-AF01-418776C51CE5}.Release|Any CPU.Build.0 = Release|Any CPU
	EndGlobalSection
	GlobalSection(SolutionProperties) = preSolution
		HideSolutionNode = FALSE
	EndGlobalSection
	GlobalSection(NestedProjects) = preSolution
		{0EE766A7-77F7-4287-8E93-103C502C67A9} = {66F652D5-9337-47B9-8FB3-3B4DDEC86657}
		{F5AADFB8-8CAC-41D1-AE11-4C2ED7965E96} = {4F39E9B1-4707-46EF-B84C-4E88A9B15608}
		{FFFD3A3F-146E-4C40-8F70-5D5933E24890} = {4F39E9B1-4707-46EF-B84C-4E88A9B15608}
		{FEB13149-635B-4B79-8576-FFA89FFA00FE} = {4F39E9B1-4707-46EF-B84C-4E88A9B15608}
		{66F652D5-9337-47B9-8FB3-3B4DDEC86657} = {B6A92F0D-D757-4179-81BD-7462D1994E30}
		{4F39E9B1-4707-46EF-B84C-4E88A9B15608} = {B6A92F0D-D757-4179-81BD-7462D1994E30}
	EndGlobalSection
	GlobalSection(ExtensibilityGlobals) = postSolution
		SolutionGuid = {A0D88769-E07A-453F-902C-90451B71EA7D}
	EndGlobalSection
EndGlobal
