
Microsoft Visual Studio Solution File, Format Version 12.00
# Visual Studio Version 16
VisualStudioVersion = 16.0.32228.343
MinimumVisualStudioVersion = 10.0.40219.1
Project("{9A19103F-16F7-4668-BE54-9A1E7A4F7556}") = "Apuntes", "Clase01\Apuntes.csproj", "{0EE766A7-77F7-4287-8E93-103C502C67A9}"
EndProject
Project("{2150E333-8FDC-42A3-9474-1A3956D46DE8}") = "Clase01", "Clase01", "{B6A92F0D-D757-4179-81BD-7462D1994E30}"
EndProject
Project("{9A19103F-16F7-4668-BE54-9A1E7A4F7556}") = "Ej01-MaxMinProm", "Ej01-MaxMinProm\Ej01-MaxMinProm.csproj", "{F5AADFB8-8CAC-41D1-AE11-4C2ED7965E96}"
EndProject
Project("{9A19103F-16F7-4668-BE54-9A1E7A4F7556}") = "Ej02-CuadCubo", "Ej02-CuadCubo\Ej02-CuadCubo.csproj", "{FFFD3A3F-146E-4C40-8F70-5D5933E24890}"
EndProject
Project("{9A19103F-16F7-4668-BE54-9A1E7A4F7556}") = "Ej03-Primos", "Ej03-Primos\Ej03-Primos.csproj", "{FEB13149-635B-4B79-8576-FFA89FFA00FE}"
EndProject
Project("{2150E333-8FDC-42A3-9474-1A3956D46DE8}") = "Apuntes01", "Apuntes01", "{66F652D5-9337-47B9-8FB3-3B4DDEC86657}"
EndProject
Project("{2150E333-8FDC-42A3-9474-1A3956D46DE8}") = "Ejercicios01", "Ejercicios01", "{4F39E9B1-4707-46EF-B84C-4E88A9B15608}"
EndProject
Project("{2150E333-8FDC-42A3-9474-1A3956D46DE8}") = "Clase02", "Clase02", "{435975D1-F6EA-495B-9896-FF22CAE93B66}"
EndProject
Project("{9A19103F-16F7-4668-BE54-9A1E7A4F7556}") = "Apuntes02", "Apuntes02\Apuntes02.csproj", "{FEEB6135-CF00-4FBC-9AB9-15C6395269E8}"
EndProject
Project("{2150E333-8FDC-42A3-9474-1A3956D46DE8}") = "Apuntes02_", "Apuntes02_", "{66172315-6F19-454B-9151-26894A101BA3}"
EndProject
Project("{2150E333-8FDC-42A3-9474-1A3956D46DE8}") = "Ejercicios02", "Ejercicios02", "{6344A935-015D-4DF3-BAD7-1F16457111EB}"
EndProject
Project("{9A19103F-16F7-4668-BE54-9A1E7A4F7556}") = "Ej04-numPerfectos", "Ej04-numPerfectos\Ej04-numPerfectos.csproj", "{C9CD54A5-4B43-494B-95A4-B6F3D8ADA4D1}"
EndProject
Project("{9A19103F-16F7-4668-BE54-9A1E7A4F7556}") = "02Ej01-ValidadorDeRango", "02Ej01-ValidadorDeRango\02Ej01-ValidadorDeRango.csproj", "{A038F611-9878-469C-BD51-9AD8ADAB8C53}"
EndProject
Project("{9A19103F-16F7-4668-BE54-9A1E7A4F7556}") = "02Ej04 - calculadora", "02Ej04 - calculadora\02Ej04 - calculadora.csproj", "{82EB998F-7AF7-4999-8D14-74AB043BA232}"
EndProject
Project("{9A19103F-16F7-4668-BE54-9A1E7A4F7556}") = "02Ej02", "02Ej03\02Ej02.csproj", "{1D722247-63E1-411A-BE0A-BE9EFD75A9EF}"
EndProject
Project("{9A19103F-16F7-4668-BE54-9A1E7A4F7556}") = "02EjA01_Factorial", "02EjA01\02EjA01_Factorial.csproj", "{2F89BABC-D9A6-413D-A1C8-BB043521EE48}"
EndProject
Project("{9A19103F-16F7-4668-BE54-9A1E7A4F7556}") = "02EjPlus-Atributos", "02EjPlus-Atributos\02EjPlus-Atributos.csproj", "{21B6BB73-3491-4B64-ADFD-AFC7F4B83AAF}"
EndProject
Project("{2150E333-8FDC-42A3-9474-1A3956D46DE8}") = "Clase03", "Clase03", "{1F6EB022-885E-4800-B3E0-4630118FA753}"
EndProject
Project("{9A19103F-16F7-4668-BE54-9A1E7A4F7556}") = "3Ej01-prestamo", "3Ej01-prestamo\3Ej01-prestamo.csproj", "{74FC55AB-2667-4381-854D-8C0EFEEBFB24}"
EndProject
Project("{9A19103F-16F7-4668-BE54-9A1E7A4F7556}") = "03Ej1-EntidadesPrestamo", "03Ej3-EntidadesPrestamo\03Ej1-EntidadesPrestamo.csproj", "{A6838555-9DF8-45D0-ACCE-F9EE629AE89B}"
EndProject
Project("{9A19103F-16F7-4668-BE54-9A1E7A4F7556}") = "03Ej2-cuantasPrimaverasTenes", "03Ej2-cuantasPrimaverasTenes\03Ej2-cuantasPrimaverasTenes.csproj", "{6BBD91E4-E3AC-4D20-A418-B0B855E16C47}"
EndProject
Project("{9A19103F-16F7-4668-BE54-9A1E7A4F7556}") = "clase03Apuntes", "clase03Apuntes\clase03Apuntes.csproj", "{EFF925CF-9962-4627-BB5B-1DCDA7C2AF2A}"
EndProject
Project("{9A19103F-16F7-4668-BE54-9A1E7A4F7556}") = "03Ej03-ElEjemploUniversal", "03Ej03-ElEjemploUniversal\03Ej03-ElEjemploUniversal.csproj", "{B4F41525-3757-4774-A6AD-B7F78DB04C20}"
EndProject
Project("{9A19103F-16F7-4668-BE54-9A1E7A4F7556}") = "03EJ04-InventoArgentino", "03EJ04-InventoArgentino\03EJ04-InventoArgentino.csproj", "{94CDB18F-8752-4999-A161-5CCBFFA11492}"
EndProject
Project("{2150E333-8FDC-42A3-9474-1A3956D46DE8}") = "Clase04", "Clase04", "{A26906C5-7C4D-4331-AFE2-571FD0FE8B49}"
EndProject
Project("{9A19103F-16F7-4668-BE54-9A1E7A4F7556}") = "Clase04_Apuntes", "Clase04_Apuntes\Clase04_Apuntes.csproj", "{B7B98E61-CBB3-4998-A0EC-D430D86D1F86}"
EndProject
Project("{9A19103F-16F7-4668-BE54-9A1E7A4F7556}") = "04Ej01-Sumador", "04Ej01-Sumador\04Ej01-Sumador.csproj", "{1275AE84-5485-4697-8439-58F555754139}"
EndProject
Project("{9A19103F-16F7-4668-BE54-9A1E7A4F7556}") = "04Ej2-Cotizador", "04Ej2-Cotizador\04Ej2-Cotizador.csproj", "{A4200565-767D-4719-99DC-E8CB7A84A43D}"
EndProject
Project("{2150E333-8FDC-42A3-9474-1A3956D46DE8}") = "Clase05", "Clase05", "{507AF2E5-4734-4E97-B721-996EA8997BA3}"
EndProject
Project("{2150E333-8FDC-42A3-9474-1A3956D46DE8}") = "Clase06", "Clase06", "{0F618856-469E-4327-8226-30CF5294417A}"
EndProject
Project("{9A19103F-16F7-4668-BE54-9A1E7A4F7556}") = "05EJ01-HolaWinForm", "05EJ01-HolaWinForm\05EJ01-HolaWinForm.csproj", "{6534A876-3868-45BA-93D2-67CF2B910044}"
EndProject
Project("{9A19103F-16F7-4668-BE54-9A1E7A4F7556}") = "05Ej02-registrate", "05Ej02-registrate\05Ej02-registrate.csproj", "{DC4CE1E8-A441-4E69-B88C-DF0FC5D4A14C}"
EndProject
Project("{2150E333-8FDC-42A3-9474-1A3956D46DE8}") = "Clase07", "Clase07", "{03E5ADBE-C41F-4E14-82A2-495E5EC094A0}"
EndProject
Project("{9A19103F-16F7-4668-BE54-9A1E7A4F7556}") = "06-Colecciones", "06-Colecciones\06-Colecciones.csproj", "{37912DC3-D720-4A28-ACA0-432AB0D6AB31}"
EndProject
Project("{9A19103F-16F7-4668-BE54-9A1E7A4F7556}") = "02Ej3-ConversorBinario", "02Ej3-ConversorBinario\02Ej3-ConversorBinario.csproj", "{93A2D057-2D5C-430E-82E9-CB8974E8286C}"
EndProject
Project("{9A19103F-16F7-4668-BE54-9A1E7A4F7556}") = "04Ej03-ConversorBunarioRecargado", "04Ej03-ConversorBunarioRecargado\04Ej03-ConversorBunarioRecargado.csproj", "{827537B5-3D72-41F4-A67B-90E4C5EF84BF}"
EndProject
Project("{9A19103F-16F7-4668-BE54-9A1E7A4F7556}") = "04Ej04-Estanteria", "04Ej04-Estanteria\04Ej04-Estanteria.csproj", "{3E61D88C-4B03-4546-9C18-8E425AAF87F0}"
EndProject
Project("{9A19103F-16F7-4668-BE54-9A1E7A4F7556}") = "06Ej01-NumLocos", "06Ej01-NumLocos\06Ej01-NumLocos.csproj", "{31AC0B39-C6C4-4819-8928-05FAD8D80803}"
EndProject
Project("{9A19103F-16F7-4668-BE54-9A1E7A4F7556}") = "EjercicioIntegrador_PracticaPP", "EjercicioIntegrador_PracticaPP\EjercicioIntegrador_PracticaPP.csproj", "{57F49F6C-E799-4574-AC66-A68CCB820152}"
EndProject
Project("{9A19103F-16F7-4668-BE54-9A1E7A4F7556}") = "EjercicioIntegrador_PracticaPP_Program", "EjercicioIntegrador_PracticaPP_Program\EjercicioIntegrador_PracticaPP_Program.csproj", "{17064CDF-29B8-43E0-B3A8-19AB6D0B4B35}"
EndProject
Project("{9A19103F-16F7-4668-BE54-9A1E7A4F7556}") = "07Ej1-NumLocos", "07Ej1-NumLocos\07Ej1-NumLocos.csproj", "{A1E6EE53-0191-4AF7-A46B-388FCB96C394}"
EndProject
Project("{2150E333-8FDC-42A3-9474-1A3956D46DE8}") = "Clase08", "Clase08", "{6059C046-50EA-4E1C-86B6-6A8302948767}"
EndProject
Project("{9A19103F-16F7-4668-BE54-9A1E7A4F7556}") = "ApuntesClase08", "ApuntesClase08\ApuntesClase08.csproj", "{19EFA6BD-3DF3-48B5-ACC0-6D6609371FE7}"
EndProject
Project("{9A19103F-16F7-4668-BE54-9A1E7A4F7556}") = "08Ej01-ViajarEsUnPlacer", "08Ej01-ViajarEsUnPlacer\08Ej01-ViajarEsUnPlacer.csproj", "{1B24B20E-9472-49F9-B49C-35907CDB61A7}"
EndProject
Project("{9A19103F-16F7-4668-BE54-9A1E7A4F7556}") = "HerenciaDeportiva", "HerenciaDeportiva\HerenciaDeportiva.csproj", "{3D4D20FD-E42E-4160-8136-FA3CDC3A50C0}"
EndProject
Project("{9A19103F-16F7-4668-BE54-9A1E7A4F7556}") = "06Ej04-EstadísticaDeportiva", "06Ej04-EstadísticaDeportiva\06Ej04-EstadísticaDeportiva.csproj", "{7CA2A5A2-287B-40FA-A3E0-D9F61ABFF199}"
EndProject
Project("{2150E333-8FDC-42A3-9474-1A3956D46DE8}") = "Clase09", "Clase09", "{744BFB12-98F9-4EF4-AA4D-7F6DCF4B140A}"
EndProject
Project("{2150E333-8FDC-42A3-9474-1A3956D46DE8}") = "Clase10", "Clase10", "{477894F3-24F9-47CA-B468-7A4AD60BAE28}"
EndProject
Project("{9A19103F-16F7-4668-BE54-9A1E7A4F7556}") = "08Ej04-CentralitaEntidades", "08Ej04-CentralitaEntidades\08Ej04-CentralitaEntidades.csproj", "{D2471B15-2E45-4409-8EDC-09119A568A89}"
EndProject
Project("{FAE04EC0-301F-11D3-BF4B-00C04F79EFBC}") = "CentralitaProgramPrueba", "CentralitaProgramPrueba\CentralitaProgramPrueba.csproj", "{AEBA6CF1-49CB-4A51-828A-3322C3D6D801}"
EndProject
Global
	GlobalSection(SolutionConfigurationPlatforms) = preSolution
		Debug|Any CPU = Debug|Any CPU
		Release|Any CPU = Release|Any CPU
	EndGlobalSection
	GlobalSection(ProjectConfigurationPlatforms) = postSolution
		{0EE766A7-77F7-4287-8E93-103C502C67A9}.Debug|Any CPU.ActiveCfg = Debug|Any CPU
		{0EE766A7-77F7-4287-8E93-103C502C67A9}.Debug|Any CPU.Build.0 = Debug|Any CPU
		{0EE766A7-77F7-4287-8E93-103C502C67A9}.Release|Any CPU.ActiveCfg = Release|Any CPU
		{0EE766A7-77F7-4287-8E93-103C502C67A9}.Release|Any CPU.Build.0 = Release|Any CPU
		{F5AADFB8-8CAC-41D1-AE11-4C2ED7965E96}.Debug|Any CPU.ActiveCfg = Debug|Any CPU
		{F5AADFB8-8CAC-41D1-AE11-4C2ED7965E96}.Debug|Any CPU.Build.0 = Debug|Any CPU
		{F5AADFB8-8CAC-41D1-AE11-4C2ED7965E96}.Release|Any CPU.ActiveCfg = Release|Any CPU
		{F5AADFB8-8CAC-41D1-AE11-4C2ED7965E96}.Release|Any CPU.Build.0 = Release|Any CPU
		{FFFD3A3F-146E-4C40-8F70-5D5933E24890}.Debug|Any CPU.ActiveCfg = Debug|Any CPU
		{FFFD3A3F-146E-4C40-8F70-5D5933E24890}.Debug|Any CPU.Build.0 = Debug|Any CPU
		{FFFD3A3F-146E-4C40-8F70-5D5933E24890}.Release|Any CPU.ActiveCfg = Release|Any CPU
		{FFFD3A3F-146E-4C40-8F70-5D5933E24890}.Release|Any CPU.Build.0 = Release|Any CPU
		{FEB13149-635B-4B79-8576-FFA89FFA00FE}.Debug|Any CPU.ActiveCfg = Debug|Any CPU
		{FEB13149-635B-4B79-8576-FFA89FFA00FE}.Debug|Any CPU.Build.0 = Debug|Any CPU
		{FEB13149-635B-4B79-8576-FFA89FFA00FE}.Release|Any CPU.ActiveCfg = Release|Any CPU
		{FEB13149-635B-4B79-8576-FFA89FFA00FE}.Release|Any CPU.Build.0 = Release|Any CPU
		{FEEB6135-CF00-4FBC-9AB9-15C6395269E8}.Debug|Any CPU.ActiveCfg = Debug|Any CPU
		{FEEB6135-CF00-4FBC-9AB9-15C6395269E8}.Debug|Any CPU.Build.0 = Debug|Any CPU
		{FEEB6135-CF00-4FBC-9AB9-15C6395269E8}.Release|Any CPU.ActiveCfg = Release|Any CPU
		{FEEB6135-CF00-4FBC-9AB9-15C6395269E8}.Release|Any CPU.Build.0 = Release|Any CPU
		{C9CD54A5-4B43-494B-95A4-B6F3D8ADA4D1}.Debug|Any CPU.ActiveCfg = Debug|Any CPU
		{C9CD54A5-4B43-494B-95A4-B6F3D8ADA4D1}.Debug|Any CPU.Build.0 = Debug|Any CPU
		{C9CD54A5-4B43-494B-95A4-B6F3D8ADA4D1}.Release|Any CPU.ActiveCfg = Release|Any CPU
		{C9CD54A5-4B43-494B-95A4-B6F3D8ADA4D1}.Release|Any CPU.Build.0 = Release|Any CPU
		{A038F611-9878-469C-BD51-9AD8ADAB8C53}.Debug|Any CPU.ActiveCfg = Debug|Any CPU
		{A038F611-9878-469C-BD51-9AD8ADAB8C53}.Debug|Any CPU.Build.0 = Debug|Any CPU
		{A038F611-9878-469C-BD51-9AD8ADAB8C53}.Release|Any CPU.ActiveCfg = Release|Any CPU
		{A038F611-9878-469C-BD51-9AD8ADAB8C53}.Release|Any CPU.Build.0 = Release|Any CPU
		{82EB998F-7AF7-4999-8D14-74AB043BA232}.Debug|Any CPU.ActiveCfg = Debug|Any CPU
		{82EB998F-7AF7-4999-8D14-74AB043BA232}.Debug|Any CPU.Build.0 = Debug|Any CPU
		{82EB998F-7AF7-4999-8D14-74AB043BA232}.Release|Any CPU.ActiveCfg = Release|Any CPU
		{82EB998F-7AF7-4999-8D14-74AB043BA232}.Release|Any CPU.Build.0 = Release|Any CPU
		{1D722247-63E1-411A-BE0A-BE9EFD75A9EF}.Debug|Any CPU.ActiveCfg = Debug|Any CPU
		{1D722247-63E1-411A-BE0A-BE9EFD75A9EF}.Debug|Any CPU.Build.0 = Debug|Any CPU
		{1D722247-63E1-411A-BE0A-BE9EFD75A9EF}.Release|Any CPU.ActiveCfg = Release|Any CPU
		{1D722247-63E1-411A-BE0A-BE9EFD75A9EF}.Release|Any CPU.Build.0 = Release|Any CPU
		{2F89BABC-D9A6-413D-A1C8-BB043521EE48}.Debug|Any CPU.ActiveCfg = Debug|Any CPU
		{2F89BABC-D9A6-413D-A1C8-BB043521EE48}.Debug|Any CPU.Build.0 = Debug|Any CPU
		{2F89BABC-D9A6-413D-A1C8-BB043521EE48}.Release|Any CPU.ActiveCfg = Release|Any CPU
		{2F89BABC-D9A6-413D-A1C8-BB043521EE48}.Release|Any CPU.Build.0 = Release|Any CPU
		{21B6BB73-3491-4B64-ADFD-AFC7F4B83AAF}.Debug|Any CPU.ActiveCfg = Debug|Any CPU
		{21B6BB73-3491-4B64-ADFD-AFC7F4B83AAF}.Debug|Any CPU.Build.0 = Debug|Any CPU
		{21B6BB73-3491-4B64-ADFD-AFC7F4B83AAF}.Release|Any CPU.ActiveCfg = Release|Any CPU
		{21B6BB73-3491-4B64-ADFD-AFC7F4B83AAF}.Release|Any CPU.Build.0 = Release|Any CPU
		{74FC55AB-2667-4381-854D-8C0EFEEBFB24}.Debug|Any CPU.ActiveCfg = Debug|Any CPU
		{74FC55AB-2667-4381-854D-8C0EFEEBFB24}.Debug|Any CPU.Build.0 = Debug|Any CPU
		{74FC55AB-2667-4381-854D-8C0EFEEBFB24}.Release|Any CPU.ActiveCfg = Release|Any CPU
		{74FC55AB-2667-4381-854D-8C0EFEEBFB24}.Release|Any CPU.Build.0 = Release|Any CPU
		{A6838555-9DF8-45D0-ACCE-F9EE629AE89B}.Debug|Any CPU.ActiveCfg = Debug|Any CPU
		{A6838555-9DF8-45D0-ACCE-F9EE629AE89B}.Debug|Any CPU.Build.0 = Debug|Any CPU
		{A6838555-9DF8-45D0-ACCE-F9EE629AE89B}.Release|Any CPU.ActiveCfg = Release|Any CPU
		{A6838555-9DF8-45D0-ACCE-F9EE629AE89B}.Release|Any CPU.Build.0 = Release|Any CPU
		{6BBD91E4-E3AC-4D20-A418-B0B855E16C47}.Debug|Any CPU.ActiveCfg = Debug|Any CPU
		{6BBD91E4-E3AC-4D20-A418-B0B855E16C47}.Debug|Any CPU.Build.0 = Debug|Any CPU
		{6BBD91E4-E3AC-4D20-A418-B0B855E16C47}.Release|Any CPU.ActiveCfg = Release|Any CPU
		{6BBD91E4-E3AC-4D20-A418-B0B855E16C47}.Release|Any CPU.Build.0 = Release|Any CPU
		{EFF925CF-9962-4627-BB5B-1DCDA7C2AF2A}.Debug|Any CPU.ActiveCfg = Debug|Any CPU
		{EFF925CF-9962-4627-BB5B-1DCDA7C2AF2A}.Debug|Any CPU.Build.0 = Debug|Any CPU
		{EFF925CF-9962-4627-BB5B-1DCDA7C2AF2A}.Release|Any CPU.ActiveCfg = Release|Any CPU
		{EFF925CF-9962-4627-BB5B-1DCDA7C2AF2A}.Release|Any CPU.Build.0 = Release|Any CPU
		{B4F41525-3757-4774-A6AD-B7F78DB04C20}.Debug|Any CPU.ActiveCfg = Debug|Any CPU
		{B4F41525-3757-4774-A6AD-B7F78DB04C20}.Debug|Any CPU.Build.0 = Debug|Any CPU
		{B4F41525-3757-4774-A6AD-B7F78DB04C20}.Release|Any CPU.ActiveCfg = Release|Any CPU
		{B4F41525-3757-4774-A6AD-B7F78DB04C20}.Release|Any CPU.Build.0 = Release|Any CPU
		{94CDB18F-8752-4999-A161-5CCBFFA11492}.Debug|Any CPU.ActiveCfg = Debug|Any CPU
		{94CDB18F-8752-4999-A161-5CCBFFA11492}.Debug|Any CPU.Build.0 = Debug|Any CPU
		{94CDB18F-8752-4999-A161-5CCBFFA11492}.Release|Any CPU.ActiveCfg = Release|Any CPU
		{94CDB18F-8752-4999-A161-5CCBFFA11492}.Release|Any CPU.Build.0 = Release|Any CPU
		{B7B98E61-CBB3-4998-A0EC-D430D86D1F86}.Debug|Any CPU.ActiveCfg = Debug|Any CPU
		{B7B98E61-CBB3-4998-A0EC-D430D86D1F86}.Debug|Any CPU.Build.0 = Debug|Any CPU
		{B7B98E61-CBB3-4998-A0EC-D430D86D1F86}.Release|Any CPU.ActiveCfg = Release|Any CPU
		{B7B98E61-CBB3-4998-A0EC-D430D86D1F86}.Release|Any CPU.Build.0 = Release|Any CPU
		{1275AE84-5485-4697-8439-58F555754139}.Debug|Any CPU.ActiveCfg = Debug|Any CPU
		{1275AE84-5485-4697-8439-58F555754139}.Debug|Any CPU.Build.0 = Debug|Any CPU
		{1275AE84-5485-4697-8439-58F555754139}.Release|Any CPU.ActiveCfg = Release|Any CPU
		{1275AE84-5485-4697-8439-58F555754139}.Release|Any CPU.Build.0 = Release|Any CPU
		{A4200565-767D-4719-99DC-E8CB7A84A43D}.Debug|Any CPU.ActiveCfg = Debug|Any CPU
		{A4200565-767D-4719-99DC-E8CB7A84A43D}.Debug|Any CPU.Build.0 = Debug|Any CPU
		{A4200565-767D-4719-99DC-E8CB7A84A43D}.Release|Any CPU.ActiveCfg = Release|Any CPU
		{A4200565-767D-4719-99DC-E8CB7A84A43D}.Release|Any CPU.Build.0 = Release|Any CPU
		{6534A876-3868-45BA-93D2-67CF2B910044}.Debug|Any CPU.ActiveCfg = Debug|Any CPU
		{6534A876-3868-45BA-93D2-67CF2B910044}.Debug|Any CPU.Build.0 = Debug|Any CPU
		{6534A876-3868-45BA-93D2-67CF2B910044}.Release|Any CPU.ActiveCfg = Release|Any CPU
		{6534A876-3868-45BA-93D2-67CF2B910044}.Release|Any CPU.Build.0 = Release|Any CPU
		{DC4CE1E8-A441-4E69-B88C-DF0FC5D4A14C}.Debug|Any CPU.ActiveCfg = Debug|Any CPU
		{DC4CE1E8-A441-4E69-B88C-DF0FC5D4A14C}.Debug|Any CPU.Build.0 = Debug|Any CPU
		{DC4CE1E8-A441-4E69-B88C-DF0FC5D4A14C}.Release|Any CPU.ActiveCfg = Release|Any CPU
		{DC4CE1E8-A441-4E69-B88C-DF0FC5D4A14C}.Release|Any CPU.Build.0 = Release|Any CPU
		{37912DC3-D720-4A28-ACA0-432AB0D6AB31}.Debug|Any CPU.ActiveCfg = Debug|Any CPU
		{37912DC3-D720-4A28-ACA0-432AB0D6AB31}.Debug|Any CPU.Build.0 = Debug|Any CPU
		{37912DC3-D720-4A28-ACA0-432AB0D6AB31}.Release|Any CPU.ActiveCfg = Release|Any CPU
		{37912DC3-D720-4A28-ACA0-432AB0D6AB31}.Release|Any CPU.Build.0 = Release|Any CPU
		{93A2D057-2D5C-430E-82E9-CB8974E8286C}.Debug|Any CPU.ActiveCfg = Debug|Any CPU
		{93A2D057-2D5C-430E-82E9-CB8974E8286C}.Debug|Any CPU.Build.0 = Debug|Any CPU
		{93A2D057-2D5C-430E-82E9-CB8974E8286C}.Release|Any CPU.ActiveCfg = Release|Any CPU
		{93A2D057-2D5C-430E-82E9-CB8974E8286C}.Release|Any CPU.Build.0 = Release|Any CPU
		{827537B5-3D72-41F4-A67B-90E4C5EF84BF}.Debug|Any CPU.ActiveCfg = Debug|Any CPU
		{827537B5-3D72-41F4-A67B-90E4C5EF84BF}.Debug|Any CPU.Build.0 = Debug|Any CPU
		{827537B5-3D72-41F4-A67B-90E4C5EF84BF}.Release|Any CPU.ActiveCfg = Release|Any CPU
		{827537B5-3D72-41F4-A67B-90E4C5EF84BF}.Release|Any CPU.Build.0 = Release|Any CPU
		{3E61D88C-4B03-4546-9C18-8E425AAF87F0}.Debug|Any CPU.ActiveCfg = Debug|Any CPU
		{3E61D88C-4B03-4546-9C18-8E425AAF87F0}.Debug|Any CPU.Build.0 = Debug|Any CPU
		{3E61D88C-4B03-4546-9C18-8E425AAF87F0}.Release|Any CPU.ActiveCfg = Release|Any CPU
		{3E61D88C-4B03-4546-9C18-8E425AAF87F0}.Release|Any CPU.Build.0 = Release|Any CPU
		{31AC0B39-C6C4-4819-8928-05FAD8D80803}.Debug|Any CPU.ActiveCfg = Debug|Any CPU
		{31AC0B39-C6C4-4819-8928-05FAD8D80803}.Debug|Any CPU.Build.0 = Debug|Any CPU
		{31AC0B39-C6C4-4819-8928-05FAD8D80803}.Release|Any CPU.ActiveCfg = Release|Any CPU
		{31AC0B39-C6C4-4819-8928-05FAD8D80803}.Release|Any CPU.Build.0 = Release|Any CPU
		{57F49F6C-E799-4574-AC66-A68CCB820152}.Debug|Any CPU.ActiveCfg = Debug|Any CPU
		{57F49F6C-E799-4574-AC66-A68CCB820152}.Debug|Any CPU.Build.0 = Debug|Any CPU
		{57F49F6C-E799-4574-AC66-A68CCB820152}.Release|Any CPU.ActiveCfg = Release|Any CPU
		{57F49F6C-E799-4574-AC66-A68CCB820152}.Release|Any CPU.Build.0 = Release|Any CPU
		{17064CDF-29B8-43E0-B3A8-19AB6D0B4B35}.Debug|Any CPU.ActiveCfg = Debug|Any CPU
		{17064CDF-29B8-43E0-B3A8-19AB6D0B4B35}.Debug|Any CPU.Build.0 = Debug|Any CPU
		{17064CDF-29B8-43E0-B3A8-19AB6D0B4B35}.Release|Any CPU.ActiveCfg = Release|Any CPU
		{17064CDF-29B8-43E0-B3A8-19AB6D0B4B35}.Release|Any CPU.Build.0 = Release|Any CPU
		{A1E6EE53-0191-4AF7-A46B-388FCB96C394}.Debug|Any CPU.ActiveCfg = Debug|Any CPU
		{A1E6EE53-0191-4AF7-A46B-388FCB96C394}.Debug|Any CPU.Build.0 = Debug|Any CPU
		{A1E6EE53-0191-4AF7-A46B-388FCB96C394}.Release|Any CPU.ActiveCfg = Release|Any CPU
		{A1E6EE53-0191-4AF7-A46B-388FCB96C394}.Release|Any CPU.Build.0 = Release|Any CPU
		{19EFA6BD-3DF3-48B5-ACC0-6D6609371FE7}.Debug|Any CPU.ActiveCfg = Debug|Any CPU
		{19EFA6BD-3DF3-48B5-ACC0-6D6609371FE7}.Debug|Any CPU.Build.0 = Debug|Any CPU
		{19EFA6BD-3DF3-48B5-ACC0-6D6609371FE7}.Release|Any CPU.ActiveCfg = Release|Any CPU
		{19EFA6BD-3DF3-48B5-ACC0-6D6609371FE7}.Release|Any CPU.Build.0 = Release|Any CPU
		{1B24B20E-9472-49F9-B49C-35907CDB61A7}.Debug|Any CPU.ActiveCfg = Debug|Any CPU
		{1B24B20E-9472-49F9-B49C-35907CDB61A7}.Debug|Any CPU.Build.0 = Debug|Any CPU
		{1B24B20E-9472-49F9-B49C-35907CDB61A7}.Release|Any CPU.ActiveCfg = Release|Any CPU
		{1B24B20E-9472-49F9-B49C-35907CDB61A7}.Release|Any CPU.Build.0 = Release|Any CPU
		{3D4D20FD-E42E-4160-8136-FA3CDC3A50C0}.Debug|Any CPU.ActiveCfg = Debug|Any CPU
		{3D4D20FD-E42E-4160-8136-FA3CDC3A50C0}.Debug|Any CPU.Build.0 = Debug|Any CPU
		{3D4D20FD-E42E-4160-8136-FA3CDC3A50C0}.Release|Any CPU.ActiveCfg = Release|Any CPU
		{3D4D20FD-E42E-4160-8136-FA3CDC3A50C0}.Release|Any CPU.Build.0 = Release|Any CPU
		{7CA2A5A2-287B-40FA-A3E0-D9F61ABFF199}.Debug|Any CPU.ActiveCfg = Debug|Any CPU
		{7CA2A5A2-287B-40FA-A3E0-D9F61ABFF199}.Debug|Any CPU.Build.0 = Debug|Any CPU
		{7CA2A5A2-287B-40FA-A3E0-D9F61ABFF199}.Release|Any CPU.ActiveCfg = Release|Any CPU
		{7CA2A5A2-287B-40FA-A3E0-D9F61ABFF199}.Release|Any CPU.Build.0 = Release|Any CPU
		{D2471B15-2E45-4409-8EDC-09119A568A89}.Debug|Any CPU.ActiveCfg = Debug|Any CPU
		{D2471B15-2E45-4409-8EDC-09119A568A89}.Debug|Any CPU.Build.0 = Debug|Any CPU
		{D2471B15-2E45-4409-8EDC-09119A568A89}.Release|Any CPU.ActiveCfg = Release|Any CPU
		{D2471B15-2E45-4409-8EDC-09119A568A89}.Release|Any CPU.Build.0 = Release|Any CPU
		{AEBA6CF1-49CB-4A51-828A-3322C3D6D801}.Debug|Any CPU.ActiveCfg = Debug|Any CPU
		{AEBA6CF1-49CB-4A51-828A-3322C3D6D801}.Debug|Any CPU.Build.0 = Debug|Any CPU
		{AEBA6CF1-49CB-4A51-828A-3322C3D6D801}.Release|Any CPU.ActiveCfg = Release|Any CPU
		{AEBA6CF1-49CB-4A51-828A-3322C3D6D801}.Release|Any CPU.Build.0 = Release|Any CPU
	EndGlobalSection
	GlobalSection(SolutionProperties) = preSolution
		HideSolutionNode = FALSE
	EndGlobalSection
	GlobalSection(NestedProjects) = preSolution
		{0EE766A7-77F7-4287-8E93-103C502C67A9} = {66F652D5-9337-47B9-8FB3-3B4DDEC86657}
		{F5AADFB8-8CAC-41D1-AE11-4C2ED7965E96} = {4F39E9B1-4707-46EF-B84C-4E88A9B15608}
		{FFFD3A3F-146E-4C40-8F70-5D5933E24890} = {4F39E9B1-4707-46EF-B84C-4E88A9B15608}
		{FEB13149-635B-4B79-8576-FFA89FFA00FE} = {4F39E9B1-4707-46EF-B84C-4E88A9B15608}
		{66F652D5-9337-47B9-8FB3-3B4DDEC86657} = {B6A92F0D-D757-4179-81BD-7462D1994E30}
		{4F39E9B1-4707-46EF-B84C-4E88A9B15608} = {B6A92F0D-D757-4179-81BD-7462D1994E30}
		{FEEB6135-CF00-4FBC-9AB9-15C6395269E8} = {66172315-6F19-454B-9151-26894A101BA3}
		{66172315-6F19-454B-9151-26894A101BA3} = {435975D1-F6EA-495B-9896-FF22CAE93B66}
		{6344A935-015D-4DF3-BAD7-1F16457111EB} = {435975D1-F6EA-495B-9896-FF22CAE93B66}
		{C9CD54A5-4B43-494B-95A4-B6F3D8ADA4D1} = {4F39E9B1-4707-46EF-B84C-4E88A9B15608}
		{A038F611-9878-469C-BD51-9AD8ADAB8C53} = {6344A935-015D-4DF3-BAD7-1F16457111EB}
		{82EB998F-7AF7-4999-8D14-74AB043BA232} = {6344A935-015D-4DF3-BAD7-1F16457111EB}
		{1D722247-63E1-411A-BE0A-BE9EFD75A9EF} = {6344A935-015D-4DF3-BAD7-1F16457111EB}
		{2F89BABC-D9A6-413D-A1C8-BB043521EE48} = {6344A935-015D-4DF3-BAD7-1F16457111EB}
		{21B6BB73-3491-4B64-ADFD-AFC7F4B83AAF} = {6344A935-015D-4DF3-BAD7-1F16457111EB}
		{74FC55AB-2667-4381-854D-8C0EFEEBFB24} = {1F6EB022-885E-4800-B3E0-4630118FA753}
		{A6838555-9DF8-45D0-ACCE-F9EE629AE89B} = {1F6EB022-885E-4800-B3E0-4630118FA753}
		{6BBD91E4-E3AC-4D20-A418-B0B855E16C47} = {1F6EB022-885E-4800-B3E0-4630118FA753}
		{EFF925CF-9962-4627-BB5B-1DCDA7C2AF2A} = {1F6EB022-885E-4800-B3E0-4630118FA753}
		{B4F41525-3757-4774-A6AD-B7F78DB04C20} = {1F6EB022-885E-4800-B3E0-4630118FA753}
		{94CDB18F-8752-4999-A161-5CCBFFA11492} = {1F6EB022-885E-4800-B3E0-4630118FA753}
		{B7B98E61-CBB3-4998-A0EC-D430D86D1F86} = {A26906C5-7C4D-4331-AFE2-571FD0FE8B49}
		{1275AE84-5485-4697-8439-58F555754139} = {A26906C5-7C4D-4331-AFE2-571FD0FE8B49}
		{A4200565-767D-4719-99DC-E8CB7A84A43D} = {A26906C5-7C4D-4331-AFE2-571FD0FE8B49}
		{6534A876-3868-45BA-93D2-67CF2B910044} = {507AF2E5-4734-4E97-B721-996EA8997BA3}
		{DC4CE1E8-A441-4E69-B88C-DF0FC5D4A14C} = {507AF2E5-4734-4E97-B721-996EA8997BA3}
		{37912DC3-D720-4A28-ACA0-432AB0D6AB31} = {0F618856-469E-4327-8226-30CF5294417A}
		{93A2D057-2D5C-430E-82E9-CB8974E8286C} = {6344A935-015D-4DF3-BAD7-1F16457111EB}
		{827537B5-3D72-41F4-A67B-90E4C5EF84BF} = {A26906C5-7C4D-4331-AFE2-571FD0FE8B49}
		{3E61D88C-4B03-4546-9C18-8E425AAF87F0} = {A26906C5-7C4D-4331-AFE2-571FD0FE8B49}
		{31AC0B39-C6C4-4819-8928-05FAD8D80803} = {0F618856-469E-4327-8226-30CF5294417A}
		{57F49F6C-E799-4574-AC66-A68CCB820152} = {03E5ADBE-C41F-4E14-82A2-495E5EC094A0}
		{17064CDF-29B8-43E0-B3A8-19AB6D0B4B35} = {03E5ADBE-C41F-4E14-82A2-495E5EC094A0}
		{A1E6EE53-0191-4AF7-A46B-388FCB96C394} = {03E5ADBE-C41F-4E14-82A2-495E5EC094A0}
		{19EFA6BD-3DF3-48B5-ACC0-6D6609371FE7} = {6059C046-50EA-4E1C-86B6-6A8302948767}
		{1B24B20E-9472-49F9-B49C-35907CDB61A7} = {6059C046-50EA-4E1C-86B6-6A8302948767}
		{3D4D20FD-E42E-4160-8136-FA3CDC3A50C0} = {6059C046-50EA-4E1C-86B6-6A8302948767}
		{7CA2A5A2-287B-40FA-A3E0-D9F61ABFF199} = {0F618856-469E-4327-8226-30CF5294417A}
		{D2471B15-2E45-4409-8EDC-09119A568A89} = {6059C046-50EA-4E1C-86B6-6A8302948767}
		{AEBA6CF1-49CB-4A51-828A-3322C3D6D801} = {6059C046-50EA-4E1C-86B6-6A8302948767}
	EndGlobalSection
	GlobalSection(ExtensibilityGlobals) = postSolution
		SolutionGuid = {A0D88769-E07A-453F-902C-90451B71EA7D}
	EndGlobalSection
EndGlobal
