
Microsoft Visual Studio Solution File, Format Version 12.00
# Visual Studio Version 17
VisualStudioVersion = 17.3.32811.315
MinimumVisualStudioVersion = 10.0.40219.1
Project("{9A19103F-16F7-4668-BE54-9A1E7A4F7556}") = "Apuntes", "Clase01\Apuntes.csproj", "{0EE766A7-77F7-4287-8E93-103C502C67A9}"
EndProject
Project("{2150E333-8FDC-42A3-9474-1A3956D46DE8}") = "Clase01", "Clase01", "{B6A92F0D-D757-4179-81BD-7462D1994E30}"
EndProject
Project("{9A19103F-16F7-4668-BE54-9A1E7A4F7556}") = "Ej01-MaxMinProm", "Ej01-MaxMinProm\Ej01-MaxMinProm.csproj", "{F5AADFB8-8CAC-41D1-AE11-4C2ED7965E96}"
EndProject
Project("{9A19103F-16F7-4668-BE54-9A1E7A4F7556}") = "Ej02-CuadCubo", "Ej02-CuadCubo\Ej02-CuadCubo.csproj", "{FFFD3A3F-146E-4C40-8F70-5D5933E24890}"
EndProject
Project("{9A19103F-16F7-4668-BE54-9A1E7A4F7556}") = "Ej03-Primos", "Ej03-Primos\Ej03-Primos.csproj", "{FEB13149-635B-4B79-8576-FFA89FFA00FE}"
EndProject
Project("{2150E333-8FDC-42A3-9474-1A3956D46DE8}") = "Apuntes01", "Apuntes01", "{66F652D5-9337-47B9-8FB3-3B4DDEC86657}"
EndProject
Project("{2150E333-8FDC-42A3-9474-1A3956D46DE8}") = "Ejercicios01", "Ejercicios01", "{4F39E9B1-4707-46EF-B84C-4E88A9B15608}"
EndProject
Project("{9A19103F-16F7-4668-BE54-9A1E7A4F7556}") = "Shortcuts", "Shortcuts\Shortcuts.csproj", "{F4DB7831-39CC-41FE-AF01-418776C51CE5}"
EndProject
Project("{2150E333-8FDC-42A3-9474-1A3956D46DE8}") = "Clase02", "Clase02", "{435975D1-F6EA-495B-9896-FF22CAE93B66}"
EndProject
Project("{9A19103F-16F7-4668-BE54-9A1E7A4F7556}") = "Apuntes02", "Apuntes02\Apuntes02.csproj", "{FEEB6135-CF00-4FBC-9AB9-15C6395269E8}"
EndProject
Project("{2150E333-8FDC-42A3-9474-1A3956D46DE8}") = "Apuntes02_", "Apuntes02_", "{66172315-6F19-454B-9151-26894A101BA3}"
EndProject
Project("{2150E333-8FDC-42A3-9474-1A3956D46DE8}") = "Ejercicios02", "Ejercicios02", "{6344A935-015D-4DF3-BAD7-1F16457111EB}"
EndProject
Project("{9A19103F-16F7-4668-BE54-9A1E7A4F7556}") = "Ej04-numPerfectos", "Ej04-numPerfectos\Ej04-numPerfectos.csproj", "{C9CD54A5-4B43-494B-95A4-B6F3D8ADA4D1}"
EndProject
Project("{FAE04EC0-301F-11D3-BF4B-00C04F79EFBC}") = "02Ej01-ValidadorDeRango", "02Ej01-ValidadorDeRango\02Ej01-ValidadorDeRango.csproj", "{A038F611-9878-469C-BD51-9AD8ADAB8C53}"
EndProject
Project("{FAE04EC0-301F-11D3-BF4B-00C04F79EFBC}") = "02Ej04 - calculadora", "02Ej04 - calculadora\02Ej04 - calculadora.csproj", "{82EB998F-7AF7-4999-8D14-74AB043BA232}"
EndProject
Global
	GlobalSection(SolutionConfigurationPlatforms) = preSolution
		Debug|Any CPU = Debug|Any CPU
		Release|Any CPU = Release|Any CPU
	EndGlobalSection
	GlobalSection(ProjectConfigurationPlatforms) = postSolution
		{0EE766A7-77F7-4287-8E93-103C502C67A9}.Debug|Any CPU.ActiveCfg = Debug|Any CPU
		{0EE766A7-77F7-4287-8E93-103C502C67A9}.Debug|Any CPU.Build.0 = Debug|Any CPU
		{0EE766A7-77F7-4287-8E93-103C502C67A9}.Release|Any CPU.ActiveCfg = Release|Any CPU
		{0EE766A7-77F7-4287-8E93-103C502C67A9}.Release|Any CPU.Build.0 = Release|Any CPU
		{F5AADFB8-8CAC-41D1-AE11-4C2ED7965E96}.Debug|Any CPU.ActiveCfg = Debug|Any CPU
		{F5AADFB8-8CAC-41D1-AE11-4C2ED7965E96}.Debug|Any CPU.Build.0 = Debug|Any CPU
		{F5AADFB8-8CAC-41D1-AE11-4C2ED7965E96}.Release|Any CPU.ActiveCfg = Release|Any CPU
		{F5AADFB8-8CAC-41D1-AE11-4C2ED7965E96}.Release|Any CPU.Build.0 = Release|Any CPU
		{FFFD3A3F-146E-4C40-8F70-5D5933E24890}.Debug|Any CPU.ActiveCfg = Debug|Any CPU
		{FFFD3A3F-146E-4C40-8F70-5D5933E24890}.Debug|Any CPU.Build.0 = Debug|Any CPU
		{FFFD3A3F-146E-4C40-8F70-5D5933E24890}.Release|Any CPU.ActiveCfg = Release|Any CPU
		{FFFD3A3F-146E-4C40-8F70-5D5933E24890}.Release|Any CPU.Build.0 = Release|Any CPU
		{FEB13149-635B-4B79-8576-FFA89FFA00FE}.Debug|Any CPU.ActiveCfg = Debug|Any CPU
		{FEB13149-635B-4B79-8576-FFA89FFA00FE}.Debug|Any CPU.Build.0 = Debug|Any CPU
		{FEB13149-635B-4B79-8576-FFA89FFA00FE}.Release|Any CPU.ActiveCfg = Release|Any CPU
		{FEB13149-635B-4B79-8576-FFA89FFA00FE}.Release|Any CPU.Build.0 = Release|Any CPU
		{F4DB7831-39CC-41FE-AF01-418776C51CE5}.Debug|Any CPU.ActiveCfg = Debug|Any CPU
		{F4DB7831-39CC-41FE-AF01-418776C51CE5}.Debug|Any CPU.Build.0 = Debug|Any CPU
		{F4DB7831-39CC-41FE-AF01-418776C51CE5}.Release|Any CPU.ActiveCfg = Release|Any CPU
		{F4DB7831-39CC-41FE-AF01-418776C51CE5}.Release|Any CPU.Build.0 = Release|Any CPU
		{FEEB6135-CF00-4FBC-9AB9-15C6395269E8}.Debug|Any CPU.ActiveCfg = Debug|Any CPU
		{FEEB6135-CF00-4FBC-9AB9-15C6395269E8}.Debug|Any CPU.Build.0 = Debug|Any CPU
		{FEEB6135-CF00-4FBC-9AB9-15C6395269E8}.Release|Any CPU.ActiveCfg = Release|Any CPU
		{FEEB6135-CF00-4FBC-9AB9-15C6395269E8}.Release|Any CPU.Build.0 = Release|Any CPU
		{C9CD54A5-4B43-494B-95A4-B6F3D8ADA4D1}.Debug|Any CPU.ActiveCfg = Debug|Any CPU
		{C9CD54A5-4B43-494B-95A4-B6F3D8ADA4D1}.Debug|Any CPU.Build.0 = Debug|Any CPU
		{C9CD54A5-4B43-494B-95A4-B6F3D8ADA4D1}.Release|Any CPU.ActiveCfg = Release|Any CPU
		{C9CD54A5-4B43-494B-95A4-B6F3D8ADA4D1}.Release|Any CPU.Build.0 = Release|Any CPU
		{A038F611-9878-469C-BD51-9AD8ADAB8C53}.Debug|Any CPU.ActiveCfg = Debug|Any CPU
		{A038F611-9878-469C-BD51-9AD8ADAB8C53}.Debug|Any CPU.Build.0 = Debug|Any CPU
		{A038F611-9878-469C-BD51-9AD8ADAB8C53}.Release|Any CPU.ActiveCfg = Release|Any CPU
		{A038F611-9878-469C-BD51-9AD8ADAB8C53}.Release|Any CPU.Build.0 = Release|Any CPU
		{82EB998F-7AF7-4999-8D14-74AB043BA232}.Debug|Any CPU.ActiveCfg = Debug|Any CPU
		{82EB998F-7AF7-4999-8D14-74AB043BA232}.Debug|Any CPU.Build.0 = Debug|Any CPU
		{82EB998F-7AF7-4999-8D14-74AB043BA232}.Release|Any CPU.ActiveCfg = Release|Any CPU
		{82EB998F-7AF7-4999-8D14-74AB043BA232}.Release|Any CPU.Build.0 = Release|Any CPU
	EndGlobalSection
	GlobalSection(SolutionProperties) = preSolution
		HideSolutionNode = FALSE
	EndGlobalSection
	GlobalSection(NestedProjects) = preSolution
		{0EE766A7-77F7-4287-8E93-103C502C67A9} = {66F652D5-9337-47B9-8FB3-3B4DDEC86657}
		{F5AADFB8-8CAC-41D1-AE11-4C2ED7965E96} = {4F39E9B1-4707-46EF-B84C-4E88A9B15608}
		{FFFD3A3F-146E-4C40-8F70-5D5933E24890} = {4F39E9B1-4707-46EF-B84C-4E88A9B15608}
		{FEB13149-635B-4B79-8576-FFA89FFA00FE} = {4F39E9B1-4707-46EF-B84C-4E88A9B15608}
		{66F652D5-9337-47B9-8FB3-3B4DDEC86657} = {B6A92F0D-D757-4179-81BD-7462D1994E30}
		{4F39E9B1-4707-46EF-B84C-4E88A9B15608} = {B6A92F0D-D757-4179-81BD-7462D1994E30}
		{FEEB6135-CF00-4FBC-9AB9-15C6395269E8} = {66172315-6F19-454B-9151-26894A101BA3}
		{66172315-6F19-454B-9151-26894A101BA3} = {435975D1-F6EA-495B-9896-FF22CAE93B66}
		{6344A935-015D-4DF3-BAD7-1F16457111EB} = {435975D1-F6EA-495B-9896-FF22CAE93B66}
		{C9CD54A5-4B43-494B-95A4-B6F3D8ADA4D1} = {4F39E9B1-4707-46EF-B84C-4E88A9B15608}
		{A038F611-9878-469C-BD51-9AD8ADAB8C53} = {6344A935-015D-4DF3-BAD7-1F16457111EB}
		{82EB998F-7AF7-4999-8D14-74AB043BA232} = {6344A935-015D-4DF3-BAD7-1F16457111EB}
	EndGlobalSection
	GlobalSection(ExtensibilityGlobals) = postSolution
		SolutionGuid = {A0D88769-E07A-453F-902C-90451B71EA7D}
	EndGlobalSection
EndGlobal
